dependencies:
  espressif/esp_jpeg:
    component_hash: 7ebea44283e9247b523f4e0e16ec45b002931664eab5d302eee918edb54c86c1
    source:
      service_url: https://api.components.espressif.com/
      type: service
    version: 1.0.5~1
  idf:
    component_hash: null
    source:
      type: idf
    version: 5.2.0
manifest_hash: 4bfaf95e9036aecb134c585315c7b63b247364d23f6f3a3170d4faf431d2ba80
target: esp32
version: 1.0.0
