dependencies:
  idf:
    component_hash: null
    source:
      type: idf
    version: 5.2.0
  joltwallet/littlefs:
    component_hash: 5aaf0f009fb225c229c79471795f35d88df35cf42113898802862fc2a84de321
    source:
      service_url: https://api.components.espressif.com/
      type: service
    version: 1.12.1
manifest_hash: 6843034062864bad7ae03d09de335bd44f1e720bd16b13a91032cd02198d5cb3
target: esp32s3
version: 1.0.0
