dependencies:
  idf:
    component_hash: null
    source:
      type: idf
    version: 5.2.0
  joltwallet/littlefs:
    component_hash: 2e392b279f0bc282a9dfb66608de4b5351d5ab4249254cbb5ebae09099c045ec
    source:
      service_url: https://api.components.espressif.com/
      type: service
    version: 1.8.0
manifest_hash: 70c92a99ebe81a9d44a75c57c9ebe069694b6395b4dc4aedafbcbf17dd5ce103
target: esp32
version: 1.0.0
